<?xml version="1.0" encoding="utf-8"?>
<Project ToolsVersion="4.0" xmlns="http://schemas.microsoft.com/developer/msbuild/2003">
  <ItemGroup>
    <Filter Include="Source Files">
      <UniqueIdentifier>{4FC737F1-C7A5-4376-A066-2A32D752A2FF}</UniqueIdentifier>
      <Extensions>cpp;c;cc;cxx;c++;cppm;ixx;def;odl;idl;hpj;bat;asm;asmx</Extensions>
    </Filter>
    <Filter Include="Header Files">
      <UniqueIdentifier>{93995380-89BD-4b04-88EB-625FBE52EBFB}</UniqueIdentifier>
      <Extensions>h;hh;hpp;hxx;h++;hm;inl;inc;ipp;xsd</Extensions>
    </Filter>
    <Filter Include="Resource Files">
      <UniqueIdentifier>{67DA6AB6-F800-4c08-8B7A-83BB121AAD01}</UniqueIdentifier>
      <Extensions>rc;ico;cur;bmp;dlg;rc2;rct;bin;rgs;gif;jpg;jpeg;jpe;resx;tiff;tif;png;wav;mfcribbon-ms</Extensions>
    </Filter>
    <Filter Include="Header Files\Model">
      <UniqueIdentifier>{daa39806-def8-4676-b8fa-5cce06e817c1}</UniqueIdentifier>
    </Filter>
    <Filter Include="Header Files\Controller">
      <UniqueIdentifier>{8fad2065-05cb-4425-b8db-9d9f312e09b6}</UniqueIdentifier>
    </Filter>
    <Filter Include="Resource Files\Controller">
      <UniqueIdentifier>{6756b8f2-d7cd-42f8-b243-694b2cbebb80}</UniqueIdentifier>
    </Filter>
    <Filter Include="Resource Files\Model">
      <UniqueIdentifier>{50ac6f85-5a3a-4f41-bf7a-b02650227020}</UniqueIdentifier>
    </Filter>
    <Filter Include="Resource Files\View">
      <UniqueIdentifier>{32248c5f-9e4a-4ff3-9905-67a4e84853b0}</UniqueIdentifier>
    </Filter>
    <Filter Include="Header Files\View">
      <UniqueIdentifier>{fab3d80e-55bf-48ff-8176-728fdeda96be}</UniqueIdentifier>
    </Filter>
  </ItemGroup>
  <ItemGroup>
    <ClCompile Include="main.cpp">
      <Filter>Source Files</Filter>
    </ClCompile>
    <ClCompile Include="MenuControl.cpp">
      <Filter>Resource Files\Controller</Filter>
    </ClCompile>
    <ClCompile Include="Player.cpp">
      <Filter>Resource Files\Model</Filter>
    </ClCompile>
    <ClCompile Include="ChessTable.cpp">
      <Filter>Resource Files\View</Filter>
    </ClCompile>
    <ClCompile Include="Internet.cpp">
      <Filter>Resource Files\Controller</Filter>
    </ClCompile>
    <ClCompile Include="Win.cpp">
      <Filter>Resource Files\View</Filter>
    </ClCompile>
    <ClCompile Include="MenuView.cpp">
      <Filter>Resource Files\View</Filter>
    </ClCompile>
  </ItemGroup>
  <ItemGroup>
    <ClInclude Include="Player.h">
      <Filter>Header Files\Model</Filter>
    </ClInclude>
    <ClInclude Include="ChessTable.h">
      <Filter>Header Files\View</Filter>
    </ClInclude>
    <ClInclude Include="MenuView.h">
      <Filter>Header Files\View</Filter>
    </ClInclude>
    <ClInclude Include="MenuControl.h">
      <Filter>Header Files\Controller</Filter>
    </ClInclude>
    <ClInclude Include="win.h">
      <Filter>Header Files\View</Filter>
    </ClInclude>
    <ClInclude Include="Internet.h">
      <Filter>Header Files\Controller</Filter>
    </ClInclude>
  </ItemGroup>
</Project>